// !$*UTF8*$!
{
	archiveVersion = 1;
	classes = {
	};
	objectVersion = 46;
	objects = {

/* Begin PBXBuildFile section */
		2416A81B1B58AC5A00EFF605 /* AppDelegate.m in Sources */ = {isa = PBXBuildFile; fileRef = 2416A81A1B58AC5A00EFF605 /* AppDelegate.m */; };
		2416A81D1B58AC5A00EFF605 /* main.m in Sources */ = {isa = PBXBuildFile; fileRef = 2416A81C1B58AC5A00EFF605 /* main.m */; };
		2416A81F1B58AC5A00EFF605 /* Images.xcassets in Resources */ = {isa = PBXBuildFile; fileRef = 2416A81E1B58AC5A00EFF605 /* Images.xcassets */; };
		2416A8221B58AC5A00EFF605 /* MainMenu.xib in Resources */ = {isa = PBXBuildFile; fileRef = 2416A8201B58AC5A00EFF605 /* MainMenu.xib */; };
		2416A82E1B58AC5A00EFF605 /* bitcoinPriceTests.m in Sources */ = {isa = PBXBuildFile; fileRef = 2416A82D1B58AC5A00EFF605 /* bitcoinPriceTests.m */; };
/* End PBXBuildFile section */

/* Begin PBXContainerItemProxy section */
		2416A8281B58AC5A00EFF605 /* PBXContainerItemProxy */ = {
			isa = PBXContainerItemProxy;
			containerPortal = 2416A80C1B58AC5A00EFF605 /* Project object */;
			proxyType = 1;
			remoteGlobalIDString = 2416A8131B58AC5A00EFF605;
			remoteInfo = bitcoinPrice;
		};
/* End PBXContainerItemProxy section */

/* Begin PBXFileReference section */
		2416A8141B58AC5A00EFF605 /* bitcoinPrice.app */ = {isa = PBXFileReference; explicitFileType = wrapper.application; includeInIndex = 0; path = bitcoinPrice.app; sourceTree = BUILT_PRODUCTS_DIR; };
		2416A8181B58AC5A00EFF605 /* Info.plist */ = {isa = PBXFileReference; lastKnownFileType = text.plist.xml; path = Info.plist; sourceTree = "<group>"; };
		2416A8191B58AC5A00EFF605 /* AppDelegate.h */ = {isa = PBXFileReference; lastKnownFileType = sourcecode.c.h; path = AppDelegate.h; sourceTree = "<group>"; };
		2416A81A1B58AC5A00EFF605 /* AppDelegate.m */ = {isa = PBXFileReference; lastKnownFileType = sourcecode.c.objc; path = AppDelegate.m; sourceTree = "<group>"; };
		2416A81C1B58AC5A00EFF605 /* main.m */ = {isa = PBXFileReference; lastKnownFileType = sourcecode.c.objc; path = main.m; sourceTree = "<group>"; };
		2416A81E1B58AC5A00EFF605 /* Images.xcassets */ = {isa = PBXFileReference; lastKnownFileType = folder.assetcatalog; path = Images.xcassets; sourceTree = "<group>"; };
		2416A8211B58AC5A00EFF605 /* Base */ = {isa = PBXFileReference; lastKnownFileType = file.xib; name = Base; path = Base.lproj/MainMenu.xib; sourceTree = "<group>"; };
		2416A8271B58AC5A00EFF605 /* bitcoinPriceTests.xctest */ = {isa = PBXFileReference; explicitFileType = wrapper.cfbundle; includeInIndex = 0; path = bitcoinPriceTests.xctest; sourceTree = BUILT_PRODUCTS_DIR; };
		2416A82C1B58AC5A00EFF605 /* Info.plist */ = {isa = PBXFileReference; lastKnownFileType = text.plist.xml; path = Info.plist; sourceTree = "<group>"; };
		2416A82D1B58AC5A00EFF605 /* bitcoinPriceTests.m */ = {isa = PBXFileReference; lastKnownFileType = sourcecode.c.objc; path = bitcoinPriceTests.m; sourceTree = "<group>"; };
/* End PBXFileReference section */

/* Begin PBXFrameworksBuildPhase section */
		2416A8111B58AC5A00EFF605 /* Frameworks */ = {
			isa = PBXFrameworksBuildPhase;
			buildActionMask = 2147483647;
			files = (
			);
			runOnlyForDeploymentPostprocessing = 0;
		};
		2416A8241B58AC5A00EFF605 /* Frameworks */ = {
			isa = PBXFrameworksBuildPhase;
			buildActionMask = 2147483647;
			files = (
			);
			runOnlyForDeploymentPostprocessing = 0;
		};
/* End PBXFrameworksBuildPhase section */

/* Begin PBXGroup section */
		2416A80B1B58AC5A00EFF605 = {
			isa = PBXGroup;
			children = (
				2416A8161B58AC5A00EFF605 /* bitcoinPrice */,
				2416A82A1B58AC5A00EFF605 /* bitcoinPriceTests */,
				2416A8151B58AC5A00EFF605 /* Products */,
			);
			sourceTree = "<group>";
		};
		2416A8151B58AC5A00EFF605 /* Products */ = {
			isa = PBXGroup;
			children = (
				2416A8141B58AC5A00EFF605 /* bitcoinPrice.app */,
				2416A8271B58AC5A00EFF605 /* bitcoinPriceTests.xctest */,
			);
			name = Products;
			sourceTree = "<group>";
		};
		2416A8161B58AC5A00EFF605 /* bitcoinPrice */ = {
			isa = PBXGroup;
			children = (
				2416A8191B58AC5A00EFF605 /* AppDelegate.h */,
				2416A81A1B58AC5A00EFF605 /* AppDelegate.m */,
				2416A81E1B58AC5A00EFF605 /* Images.xcassets */,
				2416A8201B58AC5A00EFF605 /* MainMenu.xib */,
				2416A8171B58AC5A00EFF605 /* Supporting Files */,
			);
			path = bitcoinPrice;
			sourceTree = "<group>";
		};
		2416A8171B58AC5A00EFF605 /* Supporting Files */ = {
			isa = PBXGroup;
			children = (
				2416A8181B58AC5A00EFF605 /* Info.plist */,
				2416A81C1B58AC5A00EFF605 /* main.m */,
			);
			name = "Supporting Files";
			sourceTree = "<group>";
		};
		2416A82A1B58AC5A00EFF605 /* bitcoinPriceTests */ = {
			isa = PBXGroup;
			children = (
				2416A82D1B58AC5A00EFF605 /* bitcoinPriceTests.m */,
				2416A82B1B58AC5A00EFF605 /* Supporting Files */,
			);
			path = bitcoinPriceTests;
			sourceTree = "<group>";
		};
		2416A82B1B58AC5A00EFF605 /* Supporting Files */ = {
			isa = PBXGroup;
			children = (
				2416A82C1B58AC5A00EFF605 /* Info.plist */,
			);
			name = "Supporting Files";
			sourceTree = "<group>";
		};
/* End PBXGroup section */

/* Begin PBXNativeTarget section */
		2416A8131B58AC5A00EFF605 /* bitcoinPrice */ = {
			isa = PBXNativeTarget;
			buildConfigurationList = 2416A8311B58AC5A00EFF605 /* Build configuration list for PBXNativeTarget "bitcoinPrice" */;
			buildPhases = (
				2416A8101B58AC5A00EFF605 /* Sources */,
				2416A8111B58AC5A00EFF605 /* Frameworks */,
				2416A8121B58AC5A00EFF605 /* Resources */,
			);
			buildRules = (
			);
			dependencies = (
			);
			name = bitcoinPrice;
			productName = bitcoinPrice;
			productReference = 2416A8141B58AC5A00EFF605 /* bitcoinPrice.app */;
			productType = "com.apple.product-type.application";
		};
		2416A8261B58AC5A00EFF605 /* bitcoinPriceTests */ = {
			isa = PBXNativeTarget;
			buildConfigurationList = 2416A8341B58AC5A00EFF605 /* Build configuration list for PBXNativeTarget "bitcoinPriceTests" */;
			buildPhases = (
				2416A8231B58AC5A00EFF605 /* Sources */,
				2416A8241B58AC5A00EFF605 /* Frameworks */,
				2416A8251B58AC5A00EFF605 /* Resources */,
			);
			buildRules = (
			);
			dependencies = (
				2416A8291B58AC5A00EFF605 /* PBXTargetDependency */,
			);
			name = bitcoinPriceTests;
			productName = bitcoinPriceTests;
			productReference = 2416A8271B58AC5A00EFF605 /* bitcoinPriceTests.xctest */;
			productType = "com.apple.product-type.bundle.unit-test";
		};
/* End PBXNativeTarget section */

/* Begin PBXProject section */
		2416A80C1B58AC5A00EFF605 /* Project object */ = {
			isa = PBXProject;
			attributes = {
				LastUpgradeCheck = 0630;
				ORGANIZATIONNAME = "Kevin Mitchell";
				TargetAttributes = {
					2416A8131B58AC5A00EFF605 = {
						CreatedOnToolsVersion = 6.3.2;
					};
					2416A8261B58AC5A00EFF605 = {
						CreatedOnToolsVersion = 6.3.2;
						TestTargetID = 2416A8131B58AC5A00EFF605;
					};
				};
			};
			buildConfigurationList = 2416A80F1B58AC5A00EFF605 /* Build configuration list for PBXProject "bitcoinPrice" */;
			compatibilityVersion = "Xcode 3.2";
			developmentRegion = English;
			hasScannedForEncodings = 0;
			knownRegions = (
				en,
				Base,
			);
			mainGroup = 2416A80B1B58AC5A00EFF605;
			productRefGroup = 2416A8151B58AC5A00EFF605 /* Products */;
			projectDirPath = "";
			projectRoot = "";
			targets = (
				2416A8131B58AC5A00EFF605 /* bitcoinPrice */,
				2416A8261B58AC5A00EFF605 /* bitcoinPriceTests */,
			);
		};
/* End PBXProject section */

/* Begin PBXResourcesBuildPhase section */
		2416A8121B58AC5A00EFF605 /* Resources */ = {
			isa = PBXResourcesBuildPhase;
			buildActionMask = 2147483647;
			files = (
				2416A81F1B58AC5A00EFF605 /* Images.xcassets in Resources */,
				2416A8221B58AC5A00EFF605 /* MainMenu.xib in Resources */,
			);
			runOnlyForDeploymentPostprocessing = 0;
		};
		2416A8251B58AC5A00EFF605 /* Resources */ = {
			isa = PBXResourcesBuildPhase;
			buildActionMask = 2147483647;
			files = (
			);
			runOnlyForDeploymentPostprocessing = 0;
		};
/* End PBXResourcesBuildPhase section */

/* Begin PBXSourcesBuildPhase section */
		2416A8101B58AC5A00EFF605 /* Sources */ = {
			isa = PBXSourcesBuildPhase;
			buildActionMask = 2147483647;
			files = (
				2416A81D1B58AC5A00EFF605 /* main.m in Sources */,
				2416A81B1B58AC5A00EFF605 /* AppDelegate.m in Sources */,
			);
			runOnlyForDeploymentPostprocessing = 0;
		};
		2416A8231B58AC5A00EFF605 /* Sources */ = {
			isa = PBXSourcesBuildPhase;
			buildActionMask = 2147483647;
			files = (
				2416A82E1B58AC5A00EFF605 /* bitcoinPriceTests.m in Sources */,
			);
			runOnlyForDeploymentPostprocessing = 0;
		};
/* End PBXSourcesBuildPhase section */

/* Begin PBXTargetDependency section */
		2416A8291B58AC5A00EFF605 /* PBXTargetDependency */ = {
			isa = PBXTargetDependency;
			target = 2416A8131B58AC5A00EFF605 /* bitcoinPrice */;
			targetProxy = 2416A8281B58AC5A00EFF605 /* PBXContainerItemProxy */;
		};
/* End PBXTargetDependency section */

/* Begin PBXVariantGroup section */
		2416A8201B58AC5A00EFF605 /* MainMenu.xib */ = {
			isa = PBXVariantGroup;
			children = (
				2416A8211B58AC5A00EFF605 /* Base */,
			);
			name = MainMenu.xib;
			sourceTree = "<group>";
		};
/* End PBXVariantGroup section */

/* Begin XCBuildConfiguration section */
		2416A82F1B58AC5A00EFF605 /* Debug */ = {
			isa = XCBuildConfiguration;
			buildSettings = {
				ALWAYS_SEARCH_USER_PATHS = NO;
				CLANG_CXX_LANGUAGE_STANDARD = "gnu++0x";
				CLANG_CXX_LIBRARY = "libc++";
				CLANG_ENABLE_MODULES = YES;
				CLANG_ENABLE_OBJC_ARC = YES;
				CLANG_WARN_BOOL_CONVERSION = YES;
				CLANG_WARN_CONSTANT_CONVERSION = YES;
				CLANG_WARN_DIRECT_OBJC_ISA_USAGE = YES_ERROR;
				CLANG_WARN_EMPTY_BODY = YES;
				CLANG_WARN_ENUM_CONVERSION = YES;
				CLANG_WARN_INT_CONVERSION = YES;
				CLANG_WARN_OBJC_ROOT_CLASS = YES_ERROR;
				CLANG_WARN_UNREACHABLE_CODE = YES;
				CLANG_WARN__DUPLICATE_METHOD_MATCH = YES;
				CODE_SIGN_IDENTITY = "-";
				COPY_PHASE_STRIP = NO;
				DEBUG_INFORMATION_FORMAT = dwarf;
				ENABLE_STRICT_OBJC_MSGSEND = YES;
				GCC_C_LANGUAGE_STANDARD = gnu99;
				GCC_DYNAMIC_NO_PIC = NO;
				GCC_NO_COMMON_BLOCKS = YES;
				GCC_OPTIMIZATION_LEVEL = 0;
				GCC_PREPROCESSOR_DEFINITIONS = (
					"DEBUG=1",
					"$(inherited)",
				);
				GCC_SYMBOLS_PRIVATE_EXTERN = NO;
				GCC_WARN_64_TO_32_BIT_CONVERSION = YES;
				GCC_WARN_ABOUT_RETURN_TYPE = YES_ERROR;
				GCC_WARN_UNDECLARED_SELECTOR = YES;
				GCC_WARN_UNINITIALIZED_AUTOS = YES_AGGRESSIVE;
				GCC_WARN_UNUSED_FUNCTION = YES;
				GCC_WARN_UNUSED_VARIABLE = YES;
				MACOSX_DEPLOYMENT_TARGET = 10.10;
				MTL_ENABLE_DEBUG_INFO = YES;
				ONLY_ACTIVE_ARCH = YES;
				SDKROOT = macosx;
			};
			name = Debug;
		};
		2416A8301B58AC5A00EFF605 /* Release */ = {
			isa = XCBuildConfiguration;
			buildSettings = {
				ALWAYS_SEARCH_USER_PATHS = NO;
				CLANG_CXX_LANGUAGE_STANDARD = "gnu++0x";
				CLANG_CXX_LIBRARY = "libc++";
				CLANG_ENABLE_MODULES = YES;
				CLANG_ENABLE_OBJC_ARC = YES;
				CLANG_WARN_BOOL_CONVERSION = YES;
				CLANG_WARN_CONSTANT_CONVERSION = YES;
				CLANG_WARN_DIRECT_OBJC_ISA_USAGE = YES_ERROR;
				CLANG_WARN_EMPTY_BODY = YES;
				CLANG_WARN_ENUM_CONVERSION = YES;
				CLANG_WARN_INT_CONVERSION = YES;
				CLANG_WARN_OBJC_ROOT_CLASS = YES_ERROR;
				CLANG_WARN_UNREACHABLE_CODE = YES;
				CLANG_WARN__DUPLICATE_METHOD_MATCH = YES;
				CODE_SIGN_IDENTITY = "-";
				COPY_PHASE_STRIP = NO;
				DEBUG_INFORMATION_FORMAT = "dwarf-with-dsym";
				ENABLE_NS_ASSERTIONS = NO;
				ENABLE_STRICT_OBJC_MSGSEND = YES;
				GCC_C_LANGUAGE_STANDARD = gnu99;
				GCC_NO_COMMON_BLOCKS = YES;
				GCC_WARN_64_TO_32_BIT_CONVERSION = YES;
				GCC_WARN_ABOUT_RETURN_TYPE = YES_ERROR;
				GCC_WARN_UNDECLARED_SELECTOR = YES;
				GCC_WARN_UNINITIALIZED_AUTOS = YES_AGGRESSIVE;
				GCC_WARN_UNUSED_FUNCTION = YES;
				GCC_WARN_UNUSED_VARIABLE = YES;
				MACOSX_DEPLOYMENT_TARGET = 10.10;
				MTL_ENABLE_DEBUG_INFO = NO;
				SDKROOT = macosx;
			};
			name = Release;
		};
		2416A8321B58AC5A00EFF605 /* Debug */ = {
			isa = XCBuildConfiguration;
			buildSettings = {
				ASSETCATALOG_COMPILER_APPICON_NAME = AppIcon;
				COMBINE_HIDPI_IMAGES = YES;
				INFOPLIST_FILE = bitcoinPrice/Info.plist;
				LD_RUNPATH_SEARCH_PATHS = "$(inherited) @executable_path/../Frameworks";
				PRODUCT_NAME = "$(TARGET_NAME)";
			};
			name = Debug;
		};
		2416A8331B58AC5A00EFF605 /* Release */ = {
			isa = XCBuildConfiguration;
			buildSettings = {
				ASSETCATALOG_COMPILER_APPICON_NAME = AppIcon;
				COMBINE_HIDPI_IMAGES = YES;
				INFOPLIST_FILE = bitcoinPrice/Info.plist;
				LD_RUNPATH_SEARCH_PATHS = "$(inherited) @executable_path/../Frameworks";
				PRODUCT_NAME = "$(TARGET_NAME)";
			};
			name = Release;
		};
		2416A8351B58AC5A00EFF605 /* Debug */ = {
			isa = XCBuildConfiguration;
			buildSettings = {
				BUNDLE_LOADER = "$(TEST_HOST)";
				COMBINE_HIDPI_IMAGES = YES;
				FRAMEWORK_SEARCH_PATHS = (
					"$(DEVELOPER_FRAMEWORKS_DIR)",
					"$(inherited)",
				);
				GCC_PREPROCESSOR_DEFINITIONS = (
					"DEBUG=1",
					"$(inherited)",
				);
				INFOPLIST_FILE = bitcoinPriceTests/Info.plist;
				LD_RUNPATH_SEARCH_PATHS = "$(inherited) @executable_path/../Frameworks @loader_path/../Frameworks";
				PRODUCT_NAME = "$(TARGET_NAME)";
				TEST_HOST = "$(BUILT_PRODUCTS_DIR)/bitcoinPrice.app/Contents/MacOS/bitcoinPrice";
			};
			name = Debug;
		};
		2416A8361B58AC5A00EFF605 /* Release */ = {
			isa = XCBuildConfiguration;
			buildSettings = {
				BUNDLE_LOADER = "$(TEST_HOST)";
				COMBINE_HIDPI_IMAGES = YES;
				FRAMEWORK_SEARCH_PATHS = (
					"$(DEVELOPER_FRAMEWORKS_DIR)",
					"$(inherited)",
				);
				INFOPLIST_FILE = bitcoinPriceTests/Info.plist;
				LD_RUNPATH_SEARCH_PATHS = "$(inherited) @executable_path/../Frameworks @loader_path/../Frameworks";
				PRODUCT_NAME = "$(TARGET_NAME)";
				TEST_HOST = "$(BUILT_PRODUCTS_DIR)/bitcoinPrice.app/Contents/MacOS/bitcoinPrice";
			};
			name = Release;
		};
/* End XCBuildConfiguration section */

/* Begin XCConfigurationList section */
		2416A80F1B58AC5A00EFF605 /* Build configuration list for PBXProject "bitcoinPrice" */ = {
			isa = XCConfigurationList;
			buildConfigurations = (
				2416A82F1B58AC5A00EFF605 /* Debug */,
				2416A8301B58AC5A00EFF605 /* Release */,
			);
			defaultConfigurationIsVisible = 0;
			defaultConfigurationName = Release;
		};
		2416A8311B58AC5A00EFF605 /* Build configuration list for PBXNativeTarget "bitcoinPrice" */ = {
			isa = XCConfigurationList;
			buildConfigurations = (
				2416A8321B58AC5A00EFF605 /* Debug */,
				2416A8331B58AC5A00EFF605 /* Release */,
			);
			defaultConfigurationIsVisible = 0;
		};
		2416A8341B58AC5A00EFF605 /* Build configuration list for PBXNativeTarget "bitcoinPriceTests" */ = {
			isa = XCConfigurationList;
			buildConfigurations = (
				2416A8351B58AC5A00EFF605 /* Debug */,
				2416A8361B58AC5A00EFF605 /* Release */,
			);
			defaultConfigurationIsVisible = 0;
		};
/* End XCConfigurationList section */
	};
	rootObject = 2416A80C1B58AC5A00EFF605 /* Project object */;
}
